{
  "version": 4,
  "terraform_version": "1.4.6",
  "serial": 31,
  "lineage": "4e8a0467-255d-283c-b01e-56873060c960",
  "outputs": {},
  "resources": [
    {
      "mode": "data",
      "type": "aws_iam_policy_document",
      "name": "s3_proxy_policy",
      "provider": "provider[\"registry.terraform.io/hashicorp/aws\"]",
      "instances": [
        {
          "schema_version": 0,
          "attributes": {
            "id": "2699642182",
            "json": "{\n  \"Version\": \"2012-10-17\",\n  \"Statement\": [\n    {\n      \"Effect\": \"Allow\",\n      \"Action\": \"sts:AssumeRole\",\n      \"Principal\": {\n        \"Service\": \"apigateway.amazonaws.com\"\n      }\n    }\n  ]\n}",
            "override_policy_documents": null,
            "policy_id": null,
            "source_policy_documents": null,
            "statement": [
              {
                "actions": [
                  "sts:AssumeRole"
                ],
                "condition": [],
                "effect": "Allow",
                "not_actions": [],
                "not_principals": [],
                "not_resources": [],
                "principals": [
                  {
                    "identifiers": [
                      "apigateway.amazonaws.com"
                    ],
                    "type": "Service"
                  }
                ],
                "resources": [],
                "sid": ""
              }
            ],
            "version": "2012-10-17"
          },
          "sensitive_attributes": []
        }
      ]
    },
    {
      "mode": "managed",
      "type": "aws_api_gateway_api_key",
      "name": "MyDemoApiKey",
      "provider": "provider[\"registry.terraform.io/hashicorp/aws\"]",
      "instances": [
        {
          "schema_version": 0,
          "attributes": {
            "arn": "arn:aws:apigateway:us-east-1::/apikeys/vccsmgqd06",
            "created_date": "2023-07-14T11:56:39Z",
            "description": "Managed by Terraform",
            "enabled": true,
            "id": "vccsmgqd06",
            "last_updated_date": "2023-07-14T11:56:39Z",
            "name": "webhook",
            "tags": null,
            "tags_all": {},
            "value": "2y8XyLDDoL9boMMUkdC2Z7qZcBdmKc1z9FEmZSAl"
          },
          "sensitive_attributes": [],
          "private": "bnVsbA=="
        }
      ]
    },
    {
      "mode": "managed",
      "type": "aws_api_gateway_deployment",
      "name": "S3APIDeployment",
      "provider": "provider[\"registry.terraform.io/hashicorp/aws\"]",
      "instances": [
        {
          "schema_version": 0,
          "attributes": {
            "created_date": "2023-07-14T11:56:41Z",
            "description": "",
            "execution_arn": "arn:aws:execute-api:us-east-1:372554721158:5etqabwmv0/",
            "id": "p5a449",
            "invoke_url": "https://5etqabwmv0.execute-api.us-east-1.amazonaws.com/",
            "rest_api_id": "5etqabwmv0",
            "stage_description": null,
            "stage_name": null,
            "triggers": null,
            "variables": null
          },
          "sensitive_attributes": [],
          "private": "bnVsbA==",
          "dependencies": [
            "aws_api_gateway_integration.itemGetMethod-ApiProxyIntegration",
            "aws_api_gateway_integration.itemOptionsMethod-ApiProxyIntegration",
            "aws_api_gateway_integration.itemPutMethod-ApiProxyIntegration",
            "aws_api_gateway_method.itemGetMethod",
            "aws_api_gateway_method.itemOptionsMethod",
            "aws_api_gateway_method.itemPutMethod",
            "aws_api_gateway_resource.bucketResource",
            "aws_api_gateway_resource.folderResource",
            "aws_api_gateway_resource.itemResource",
            "aws_api_gateway_rest_api.api",
            "aws_iam_role.s3_proxy_role",
            "data.aws_iam_policy_document.s3_proxy_policy"
          ]
        }
      ]
    },
    {
      "mode": "managed",
      "type": "aws_api_gateway_integration",
      "name": "itemGetMethod-ApiProxyIntegration",
      "provider": "provider[\"registry.terraform.io/hashicorp/aws\"]",
      "instances": [
        {
          "schema_version": 0,
          "attributes": {
            "cache_key_parameters": null,
            "cache_namespace": "xw4jxy",
            "connection_id": "",
            "connection_type": "INTERNET",
            "content_handling": "",
            "credentials": "arn:aws:iam::372554721158:role/dev-s3-proxy-role-example",
            "http_method": "GET",
            "id": "agi-5etqabwmv0-xw4jxy-GET",
            "integration_http_method": "GET",
            "passthrough_behavior": "WHEN_NO_MATCH",
            "request_parameters": {
              "integration.request.path.bucket": "method.request.path.bucket",
              "integration.request.path.folder": "method.request.path.folder",
              "integration.request.path.item": "method.request.path.item"
            },
            "request_templates": null,
            "resource_id": "xw4jxy",
            "rest_api_id": "5etqabwmv0",
            "timeout_milliseconds": 29000,
            "tls_config": [],
            "type": "AWS",
            "uri": "arn:aws:apigateway:us-east-1:s3:path/{bucket}/{folder}/{item}"
          },
          "sensitive_attributes": [],
          "private": "bnVsbA==",
          "dependencies": [
            "aws_api_gateway_method.itemGetMethod",
            "aws_api_gateway_resource.bucketResource",
            "aws_api_gateway_resource.folderResource",
            "aws_api_gateway_resource.itemResource",
            "aws_api_gateway_rest_api.api",
            "aws_iam_role.s3_proxy_role",
            "data.aws_iam_policy_document.s3_proxy_policy"
          ]
        }
      ]
    },
    {
      "mode": "managed",
      "type": "aws_api_gateway_integration",
      "name": "itemOptionsMethod-ApiProxyIntegration",
      "provider": "provider[\"registry.terraform.io/hashicorp/aws\"]",
      "instances": [
        {
          "schema_version": 0,
          "attributes": {
            "cache_key_parameters": null,
            "cache_namespace": "xw4jxy",
            "connection_id": "",
            "connection_type": "INTERNET",
            "content_handling": "",
            "credentials": "",
            "http_method": "OPTIONS",
            "id": "agi-5etqabwmv0-xw4jxy-OPTIONS",
            "integration_http_method": "",
            "passthrough_behavior": "WHEN_NO_MATCH",
            "request_parameters": null,
            "request_templates": null,
            "resource_id": "xw4jxy",
            "rest_api_id": "5etqabwmv0",
            "timeout_milliseconds": 29000,
            "tls_config": [],
            "type": "MOCK",
            "uri": ""
          },
          "sensitive_attributes": [],
          "private": "bnVsbA==",
          "dependencies": [
            "aws_api_gateway_method.itemOptionsMethod",
            "aws_api_gateway_resource.bucketResource",
            "aws_api_gateway_resource.folderResource",
            "aws_api_gateway_resource.itemResource",
            "aws_api_gateway_rest_api.api"
          ]
        }
      ]
    },
    {
      "mode": "managed",
      "type": "aws_api_gateway_integration",
      "name": "itemPutMethod-ApiProxyIntegration",
      "provider": "provider[\"registry.terraform.io/hashicorp/aws\"]",
      "instances": [
        {
          "schema_version": 0,
          "attributes": {
            "cache_key_parameters": null,
            "cache_namespace": "xw4jxy",
            "connection_id": "",
            "connection_type": "INTERNET",
            "content_handling": "CONVERT_TO_TEXT",
            "credentials": "arn:aws:iam::372554721158:role/dev-s3-proxy-role-example",
            "http_method": "PUT",
            "id": "agi-5etqabwmv0-xw4jxy-PUT",
            "integration_http_method": "PUT",
            "passthrough_behavior": "WHEN_NO_TEMPLATES",
            "request_parameters": {
              "integration.request.header.Accept": "method.request.header.Accept",
              "integration.request.header.Content-Type": "method.request.header.Content-Type",
              "integration.request.header.x-amz-meta-fileinfo": "method.request.header.x-amz-meta-fileinfo",
              "integration.request.path.bucket": "method.request.path.bucket",
              "integration.request.path.folder": "method.request.path.folder",
              "integration.request.path.item": "method.request.path.item"
            },
            "request_templates": null,
            "resource_id": "xw4jxy",
            "rest_api_id": "5etqabwmv0",
            "timeout_milliseconds": 29000,
            "tls_config": [],
            "type": "AWS",
            "uri": "arn:aws:apigateway:us-east-1:s3:path/{bucket}/{folder}/{item}"
          },
          "sensitive_attributes": [],
          "private": "bnVsbA==",
          "dependencies": [
            "aws_api_gateway_method.itemPutMethod",
            "aws_api_gateway_resource.bucketResource",
            "aws_api_gateway_resource.folderResource",
            "aws_api_gateway_resource.itemResource",
            "aws_api_gateway_rest_api.api",
            "aws_iam_role.s3_proxy_role",
            "data.aws_iam_policy_document.s3_proxy_policy"
          ]
        }
      ]
    },
    {
      "mode": "managed",
      "type": "aws_api_gateway_integration_response",
      "name": "itemGetMethod-IntegrationResponse",
      "provider": "provider[\"registry.terraform.io/hashicorp/aws\"]",
      "instances": [
        {
          "schema_version": 0,
          "attributes": {
            "content_handling": "",
            "http_method": "GET",
            "id": "agir-5etqabwmv0-xw4jxy-GET-200",
            "resource_id": "xw4jxy",
            "response_parameters": {
              "method.response.header.Access-Control-Allow-Origin": "'*'"
            },
            "response_templates": {
              "application/json": ""
            },
            "rest_api_id": "5etqabwmv0",
            "selection_pattern": "",
            "status_code": "200"
          },
          "sensitive_attributes": [],
          "private": "bnVsbA==",
          "dependencies": [
            "aws_api_gateway_method.itemGetMethod",
            "aws_api_gateway_method_response.itemGetMethod200Response",
            "aws_api_gateway_resource.bucketResource",
            "aws_api_gateway_resource.folderResource",
            "aws_api_gateway_resource.itemResource",
            "aws_api_gateway_rest_api.api"
          ]
        }
      ]
    },
    {
      "mode": "managed",
      "type": "aws_api_gateway_integration_response",
      "name": "itemOptionsMethod-IntegrationResponse",
      "provider": "provider[\"registry.terraform.io/hashicorp/aws\"]",
      "instances": [
        {
          "schema_version": 0,
          "attributes": {
            "content_handling": "",
            "http_method": "OPTIONS",
            "id": "agir-5etqabwmv0-xw4jxy-OPTIONS-200",
            "resource_id": "xw4jxy",
            "response_parameters": {
              "method.response.header.Access-Control-Allow-Headers": "'Content-Type,X-Amz-Date,Authorization,X-Api-Key,X-Amz-Security-Token,x-amz-meta-fileinfo'",
              "method.response.header.Access-Control-Allow-Methods": "'GET,PUT,OPTIONS'",
              "method.response.header.Access-Control-Allow-Origin": "'*'"
            },
            "response_templates": {
              "application/json": ""
            },
            "rest_api_id": "5etqabwmv0",
            "selection_pattern": "",
            "status_code": "200"
          },
          "sensitive_attributes": [],
          "private": "bnVsbA==",
          "dependencies": [
            "aws_api_gateway_integration.itemOptionsMethod-ApiProxyIntegration",
            "aws_api_gateway_method.itemOptionsMethod",
            "aws_api_gateway_method_response.itemOptionsMethod200Response",
            "aws_api_gateway_resource.bucketResource",
            "aws_api_gateway_resource.folderResource",
            "aws_api_gateway_resource.itemResource",
            "aws_api_gateway_rest_api.api"
          ]
        }
      ]
    },
    {
      "mode": "managed",
      "type": "aws_api_gateway_integration_response",
      "name": "itemPutMethod-IntegrationResponse",
      "provider": "provider[\"registry.terraform.io/hashicorp/aws\"]",
      "instances": [
        {
          "schema_version": 0,
          "attributes": {
            "content_handling": "",
            "http_method": "PUT",
            "id": "agir-5etqabwmv0-xw4jxy-PUT-200",
            "resource_id": "xw4jxy",
            "response_parameters": {
              "method.response.header.Access-Control-Allow-Origin": "'*'"
            },
            "response_templates": {
              "application/json": ""
            },
            "rest_api_id": "5etqabwmv0",
            "selection_pattern": "",
            "status_code": "200"
          },
          "sensitive_attributes": [],
          "private": "bnVsbA==",
          "dependencies": [
            "aws_api_gateway_method.itemPutMethod",
            "aws_api_gateway_method_response.itemPutMethod200Response",
            "aws_api_gateway_resource.bucketResource",
            "aws_api_gateway_resource.folderResource",
            "aws_api_gateway_resource.itemResource",
            "aws_api_gateway_rest_api.api"
          ]
        }
      ]
    },
    {
      "mode": "managed",
      "type": "aws_api_gateway_method",
      "name": "itemGetMethod",
      "provider": "provider[\"registry.terraform.io/hashicorp/aws\"]",
      "instances": [
        {
          "schema_version": 0,
          "attributes": {
            "api_key_required": true,
            "authorization": "NONE",
            "authorization_scopes": null,
            "authorizer_id": null,
            "http_method": "GET",
            "id": "agm-5etqabwmv0-xw4jxy-GET",
            "operation_name": null,
            "request_models": null,
            "request_parameters": {
              "method.request.path.bucket": true,
              "method.request.path.folder": true,
              "method.request.path.item": true
            },
            "request_validator_id": null,
            "resource_id": "xw4jxy",
            "rest_api_id": "5etqabwmv0"
          },
          "sensitive_attributes": [],
          "private": "bnVsbA==",
          "dependencies": [
            "aws_api_gateway_resource.bucketResource",
            "aws_api_gateway_resource.folderResource",
            "aws_api_gateway_resource.itemResource",
            "aws_api_gateway_rest_api.api"
          ]
        }
      ]
    },
    {
      "mode": "managed",
      "type": "aws_api_gateway_method",
      "name": "itemOptionsMethod",
      "provider": "provider[\"registry.terraform.io/hashicorp/aws\"]",
      "instances": [
        {
          "schema_version": 0,
          "attributes": {
            "api_key_required": false,
            "authorization": "NONE",
            "authorization_scopes": null,
            "authorizer_id": null,
            "http_method": "OPTIONS",
            "id": "agm-5etqabwmv0-xw4jxy-OPTIONS",
            "operation_name": null,
            "request_models": null,
            "request_parameters": {
              "method.request.header.x-amz-meta-fileinfo": false
            },
            "request_validator_id": null,
            "resource_id": "xw4jxy",
            "rest_api_id": "5etqabwmv0"
          },
          "sensitive_attributes": [],
          "private": "bnVsbA==",
          "dependencies": [
            "aws_api_gateway_resource.bucketResource",
            "aws_api_gateway_resource.folderResource",
            "aws_api_gateway_resource.itemResource",
            "aws_api_gateway_rest_api.api"
          ]
        }
      ]
    },
    {
      "mode": "managed",
      "type": "aws_api_gateway_method",
      "name": "itemPutMethod",
      "provider": "provider[\"registry.terraform.io/hashicorp/aws\"]",
      "instances": [
        {
          "schema_version": 0,
          "attributes": {
            "api_key_required": true,
            "authorization": "NONE",
            "authorization_scopes": null,
            "authorizer_id": null,
            "http_method": "PUT",
            "id": "agm-5etqabwmv0-xw4jxy-PUT",
            "operation_name": null,
            "request_models": null,
            "request_parameters": {
              "method.request.header.Accept": false,
              "method.request.header.Content-Type": false,
              "method.request.header.x-amz-meta-fileinfo": false,
              "method.request.path.bucket": true,
              "method.request.path.folder": true,
              "method.request.path.item": true
            },
            "request_validator_id": null,
            "resource_id": "xw4jxy",
            "rest_api_id": "5etqabwmv0"
          },
          "sensitive_attributes": [],
          "private": "bnVsbA==",
          "dependencies": [
            "aws_api_gateway_resource.bucketResource",
            "aws_api_gateway_resource.folderResource",
            "aws_api_gateway_resource.itemResource",
            "aws_api_gateway_rest_api.api"
          ]
        }
      ]
    },
    {
      "mode": "managed",
      "type": "aws_api_gateway_method_response",
      "name": "itemGetMethod200Response",
      "provider": "provider[\"registry.terraform.io/hashicorp/aws\"]",
      "instances": [
        {
          "schema_version": 0,
          "attributes": {
            "http_method": "GET",
            "id": "agmr-5etqabwmv0-xw4jxy-GET-200",
            "resource_id": "xw4jxy",
            "response_models": {
              "application/json": "Empty"
            },
            "response_parameters": {
              "method.response.header.Access-Control-Allow-Origin": true
            },
            "rest_api_id": "5etqabwmv0",
            "status_code": "200"
          },
          "sensitive_attributes": [],
          "private": "bnVsbA==",
          "dependencies": [
            "aws_api_gateway_method.itemGetMethod",
            "aws_api_gateway_resource.bucketResource",
            "aws_api_gateway_resource.folderResource",
            "aws_api_gateway_resource.itemResource",
            "aws_api_gateway_rest_api.api"
          ]
        }
      ]
    },
    {
      "mode": "managed",
      "type": "aws_api_gateway_method_response",
      "name": "itemOptionsMethod200Response",
      "provider": "provider[\"registry.terraform.io/hashicorp/aws\"]",
      "instances": [
        {
          "schema_version": 0,
          "attributes": {
            "http_method": "OPTIONS",
            "id": "agmr-5etqabwmv0-xw4jxy-OPTIONS-200",
            "resource_id": "xw4jxy",
            "response_models": {
              "application/json": "Empty"
            },
            "response_parameters": {
              "method.response.header.Access-Control-Allow-Headers": true,
              "method.response.header.Access-Control-Allow-Methods": true,
              "method.response.header.Access-Control-Allow-Origin": true
            },
            "rest_api_id": "5etqabwmv0",
            "status_code": "200"
          },
          "sensitive_attributes": [],
          "private": "bnVsbA==",
          "dependencies": [
            "aws_api_gateway_method.itemOptionsMethod",
            "aws_api_gateway_resource.bucketResource",
            "aws_api_gateway_resource.folderResource",
            "aws_api_gateway_resource.itemResource",
            "aws_api_gateway_rest_api.api"
          ]
        }
      ]
    },
    {
      "mode": "managed",
      "type": "aws_api_gateway_method_response",
      "name": "itemPutMethod200Response",
      "provider": "provider[\"registry.terraform.io/hashicorp/aws\"]",
      "instances": [
        {
          "schema_version": 0,
          "attributes": {
            "http_method": "PUT",
            "id": "agmr-5etqabwmv0-xw4jxy-PUT-200",
            "resource_id": "xw4jxy",
            "response_models": {
              "application/json": "Empty"
            },
            "response_parameters": {
              "method.response.header.Access-Control-Allow-Origin": true
            },
            "rest_api_id": "5etqabwmv0",
            "status_code": "200"
          },
          "sensitive_attributes": [],
          "private": "bnVsbA==",
          "dependencies": [
            "aws_api_gateway_method.itemPutMethod",
            "aws_api_gateway_resource.bucketResource",
            "aws_api_gateway_resource.folderResource",
            "aws_api_gateway_resource.itemResource",
            "aws_api_gateway_rest_api.api"
          ]
        }
      ]
    },
    {
      "mode": "managed",
      "type": "aws_api_gateway_resource",
      "name": "bucketResource",
      "provider": "provider[\"registry.terraform.io/hashicorp/aws\"]",
      "instances": [
        {
          "schema_version": 0,
          "attributes": {
            "id": "qmn79j",
            "parent_id": "2algxdw7ld",
            "path": "/{bucket}",
            "path_part": "{bucket}",
            "rest_api_id": "5etqabwmv0"
          },
          "sensitive_attributes": [],
          "private": "bnVsbA==",
          "dependencies": [
            "aws_api_gateway_rest_api.api"
          ]
        }
      ]
    },
    {
      "mode": "managed",
      "type": "aws_api_gateway_resource",
      "name": "folderResource",
      "provider": "provider[\"registry.terraform.io/hashicorp/aws\"]",
      "instances": [
        {
          "schema_version": 0,
          "attributes": {
            "id": "5ctabe",
            "parent_id": "qmn79j",
            "path": "/{bucket}/{folder}",
            "path_part": "{folder}",
            "rest_api_id": "5etqabwmv0"
          },
          "sensitive_attributes": [],
          "private": "bnVsbA==",
          "dependencies": [
            "aws_api_gateway_resource.bucketResource",
            "aws_api_gateway_rest_api.api"
          ]
        }
      ]
    },
    {
      "mode": "managed",
      "type": "aws_api_gateway_resource",
      "name": "itemResource",
      "provider": "provider[\"registry.terraform.io/hashicorp/aws\"]",
      "instances": [
        {
          "schema_version": 0,
          "attributes": {
            "id": "xw4jxy",
            "parent_id": "5ctabe",
            "path": "/{bucket}/{folder}/{item}",
            "path_part": "{item}",
            "rest_api_id": "5etqabwmv0"
          },
          "sensitive_attributes": [],
          "private": "bnVsbA==",
          "dependencies": [
            "aws_api_gateway_resource.bucketResource",
            "aws_api_gateway_resource.folderResource",
            "aws_api_gateway_rest_api.api"
          ]
        }
      ]
    },
    {
      "mode": "managed",
      "type": "aws_api_gateway_rest_api",
      "name": "api",
      "provider": "provider[\"registry.terraform.io/hashicorp/aws\"]",
      "instances": [
        {
          "schema_version": 0,
          "attributes": {
            "api_key_source": "HEADER",
            "arn": "arn:aws:apigateway:us-east-1::/restapis/5etqabwmv0",
            "binary_media_types": [],
            "body": null,
            "created_date": "2023-07-14T11:56:39Z",
            "description": "enable webhook for S3 bucket",
            "disable_execute_api_endpoint": false,
            "endpoint_configuration": [
              {
                "types": [
                  "REGIONAL"
                ],
                "vpc_endpoint_ids": []
              }
            ],
            "execution_arn": "arn:aws:execute-api:us-east-1:372554721158:5etqabwmv0",
            "fail_on_warnings": null,
            "id": "5etqabwmv0",
            "minimum_compression_size": "",
            "name": "api-gateway-webhook",
            "parameters": null,
            "policy": "",
            "put_rest_api_mode": null,
            "root_resource_id": "2algxdw7ld",
            "tags": null,
            "tags_all": {}
          },
          "sensitive_attributes": [],
          "private": "bnVsbA=="
        }
      ]
    },
    {
      "mode": "managed",
      "type": "aws_api_gateway_stage",
      "name": "S3API",
      "provider": "provider[\"registry.terraform.io/hashicorp/aws\"]",
      "instances": [
        {
          "schema_version": 0,
          "attributes": {
            "access_log_settings": [],
            "arn": "arn:aws:apigateway:us-east-1::/restapis/5etqabwmv0/stages/s3api",
            "cache_cluster_enabled": false,
            "cache_cluster_size": "0.5",
            "canary_settings": [],
            "client_certificate_id": "",
            "deployment_id": "p5a449",
            "description": "",
            "documentation_version": "",
            "execution_arn": "arn:aws:execute-api:us-east-1:372554721158:5etqabwmv0/s3api",
            "id": "ags-5etqabwmv0-s3api",
            "invoke_url": "https://5etqabwmv0.execute-api.us-east-1.amazonaws.com/s3api",
            "rest_api_id": "5etqabwmv0",
            "stage_name": "s3api",
            "tags": null,
            "tags_all": {},
            "variables": null,
            "web_acl_arn": "",
            "xray_tracing_enabled": false
          },
          "sensitive_attributes": [],
          "private": "bnVsbA==",
          "dependencies": [
            "aws_api_gateway_deployment.S3APIDeployment",
            "aws_api_gateway_integration.itemGetMethod-ApiProxyIntegration",
            "aws_api_gateway_integration.itemOptionsMethod-ApiProxyIntegration",
            "aws_api_gateway_integration.itemPutMethod-ApiProxyIntegration",
            "aws_api_gateway_method.itemGetMethod",
            "aws_api_gateway_method.itemOptionsMethod",
            "aws_api_gateway_method.itemPutMethod",
            "aws_api_gateway_resource.bucketResource",
            "aws_api_gateway_resource.folderResource",
            "aws_api_gateway_resource.itemResource",
            "aws_api_gateway_rest_api.api",
            "aws_iam_role.s3_proxy_role",
            "data.aws_iam_policy_document.s3_proxy_policy"
          ]
        }
      ]
    },
    {
      "mode": "managed",
      "type": "aws_api_gateway_usage_plan",
      "name": "example",
      "provider": "provider[\"registry.terraform.io/hashicorp/aws\"]",
      "instances": [
        {
          "schema_version": 0,
          "attributes": {
            "api_stages": [
              {
                "api_id": "5etqabwmv0",
                "stage": "s3api",
                "throttle": []
              }
            ],
            "arn": "arn:aws:apigateway:us-east-1::/usageplans/14gmgh",
            "description": "webhook-apigateway",
            "id": "14gmgh",
            "name": "usage-plan",
            "product_code": "",
            "quota_settings": [
              {
                "limit": 200,
                "offset": 2,
                "period": "WEEK"
              }
            ],
            "tags": null,
            "tags_all": {},
            "throttle_settings": [
              {
                "burst_limit": 5,
                "rate_limit": 10
              }
            ]
          },
          "sensitive_attributes": [],
          "private": "bnVsbA==",
          "dependencies": [
            "aws_api_gateway_deployment.S3APIDeployment",
            "aws_api_gateway_integration.itemGetMethod-ApiProxyIntegration",
            "aws_api_gateway_integration.itemOptionsMethod-ApiProxyIntegration",
            "aws_api_gateway_integration.itemPutMethod-ApiProxyIntegration",
            "aws_api_gateway_method.itemGetMethod",
            "aws_api_gateway_method.itemOptionsMethod",
            "aws_api_gateway_method.itemPutMethod",
            "aws_api_gateway_resource.bucketResource",
            "aws_api_gateway_resource.folderResource",
            "aws_api_gateway_resource.itemResource",
            "aws_api_gateway_rest_api.api",
            "aws_api_gateway_stage.S3API",
            "aws_iam_role.s3_proxy_role",
            "data.aws_iam_policy_document.s3_proxy_policy"
          ]
        }
      ]
    },
    {
      "mode": "managed",
      "type": "aws_api_gateway_usage_plan_key",
      "name": "main",
      "provider": "provider[\"registry.terraform.io/hashicorp/aws\"]",
      "instances": [
        {
          "schema_version": 0,
          "attributes": {
            "id": "vccsmgqd06",
            "key_id": "vccsmgqd06",
            "key_type": "API_KEY",
            "name": "webhook",
            "usage_plan_id": "14gmgh",
            "value": "2y8XyLDDoL9boMMUkdC2Z7qZcBdmKc1z9FEmZSAl"
          },
          "sensitive_attributes": [],
          "private": "bnVsbA==",
          "dependencies": [
            "aws_api_gateway_api_key.MyDemoApiKey",
            "aws_api_gateway_deployment.S3APIDeployment",
            "aws_api_gateway_integration.itemGetMethod-ApiProxyIntegration",
            "aws_api_gateway_integration.itemOptionsMethod-ApiProxyIntegration",
            "aws_api_gateway_integration.itemPutMethod-ApiProxyIntegration",
            "aws_api_gateway_method.itemGetMethod",
            "aws_api_gateway_method.itemOptionsMethod",
            "aws_api_gateway_method.itemPutMethod",
            "aws_api_gateway_resource.bucketResource",
            "aws_api_gateway_resource.folderResource",
            "aws_api_gateway_resource.itemResource",
            "aws_api_gateway_rest_api.api",
            "aws_api_gateway_stage.S3API",
            "aws_api_gateway_usage_plan.example",
            "aws_iam_role.s3_proxy_role",
            "data.aws_iam_policy_document.s3_proxy_policy"
          ]
        }
      ]
    },
    {
      "mode": "managed",
      "type": "aws_iam_policy",
      "name": "s3_file_upload_policy",
      "provider": "provider[\"registry.terraform.io/hashicorp/aws\"]",
      "instances": [
        {
          "schema_version": 0,
          "attributes": {
            "arn": "arn:aws:iam::372554721158:policy/dev-github-s3-file-upload-policy",
            "description": "dev s3 file upload policy",
            "id": "arn:aws:iam::372554721158:policy/dev-github-s3-file-upload-policy",
            "name": "dev-github-s3-file-upload-policy",
            "name_prefix": "",
            "path": "/",
            "policy": "{\"Statement\":[{\"Action\":[\"s3:PutObject\",\"s3:GetObject\"],\"Effect\":\"Allow\",\"Resource\":[\"arn:aws:s3:::file-upload-bucket-dev/*\"]}],\"Version\":\"2012-10-17\"}",
            "policy_id": "ANPAVNPP546DFPSYGKJ4S",
            "tags": null,
            "tags_all": {}
          },
          "sensitive_attributes": [],
          "private": "bnVsbA=="
        }
      ]
    },
    {
      "mode": "managed",
      "type": "aws_iam_role",
      "name": "s3_proxy_role",
      "provider": "provider[\"registry.terraform.io/hashicorp/aws\"]",
      "instances": [
        {
          "schema_version": 0,
          "attributes": {
            "arn": "arn:aws:iam::372554721158:role/dev-s3-proxy-role-example",
            "assume_role_policy": "{\"Statement\":[{\"Action\":\"sts:AssumeRole\",\"Effect\":\"Allow\",\"Principal\":{\"Service\":\"apigateway.amazonaws.com\"}}],\"Version\":\"2012-10-17\"}",
            "create_date": "2023-07-14T11:56:39Z",
            "description": "",
            "force_detach_policies": false,
            "id": "dev-s3-proxy-role-example",
            "inline_policy": [],
            "managed_policy_arns": [],
            "max_session_duration": 3600,
            "name": "dev-s3-proxy-role-example",
            "name_prefix": "",
            "path": "/",
            "permissions_boundary": null,
            "tags": {
              "Name": "webhook-apigateway"
            },
            "tags_all": {
              "Name": "webhook-apigateway"
            },
            "unique_id": "AROAVNPP546DJAAUIK2BB"
          },
          "sensitive_attributes": [],
          "private": "bnVsbA==",
          "dependencies": [
            "data.aws_iam_policy_document.s3_proxy_policy"
          ]
        }
      ]
    },
    {
      "mode": "managed",
      "type": "aws_iam_role_policy",
      "name": "ping_data_allow_access",
      "provider": "provider[\"registry.terraform.io/hashicorp/aws\"]",
      "instances": [
        {
          "schema_version": 0,
          "attributes": {
            "id": "dev-s3-proxy-role-example:webhook-apigateway",
            "name": "webhook-apigateway",
            "name_prefix": null,
            "policy": "{\"Version\":\"2012-10-17\",\"Statement\":[{\"Action\":[\"s3:ListStorageLensConfigurations\",\"s3:ListAccessPointsForObjectLambda\",\"s3:GetAccessPoint\",\"s3:PutAccountPublicAccessBlock\",\"s3:GetAccountPublicAccessBlock\",\"s3:ListAllMyBuckets\",\"s3:ListAccessPoints\",\"s3:PutAccessPointPublicAccessBlock\",\"s3:ListJobs\",\"s3:PutStorageLensConfiguration\",\"s3:ListMultiRegionAccessPoints\",\"s3:CreateJob\"],\"Effect\":\"Allow\",\"Resource\":\"*\",\"Sid\":\"VisualEditor0\"},{\"Action\":\"s3:*\",\"Effect\":\"Allow\",\"Resource\":[\"arn:aws:s3:::nwebhook-apigateway*\",\"arn:aws:s3:::nwebhook-apigateway/*\"],\"Sid\":\"VisualEditor1\"}]}",
            "role": "dev-s3-proxy-role-example"
          },
          "sensitive_attributes": [],
          "private": "bnVsbA==",
          "dependencies": [
            "aws_iam_role.s3_proxy_role",
            "data.aws_iam_policy_document.s3_proxy_policy"
          ]
        }
      ]
    },
    {
      "mode": "managed",
      "type": "aws_iam_role_policy_attachment",
      "name": "s3_proxy_role_api_gateway_attachment",
      "provider": "provider[\"registry.terraform.io/hashicorp/aws\"]",
      "instances": [
        {
          "schema_version": 0,
          "attributes": {
            "id": "dev-s3-proxy-role-example-20230714115639953700000002",
            "policy_arn": "arn:aws:iam::aws:policy/AmazonAPIGatewayInvokeFullAccess",
            "role": "dev-s3-proxy-role-example"
          },
          "sensitive_attributes": [],
          "private": "bnVsbA==",
          "dependencies": [
            "aws_iam_policy.s3_file_upload_policy",
            "aws_iam_role.s3_proxy_role",
            "data.aws_iam_policy_document.s3_proxy_policy"
          ]
        }
      ]
    },
    {
      "mode": "managed",
      "type": "aws_iam_role_policy_attachment",
      "name": "s3_proxy_role_file_upload_attachment",
      "provider": "provider[\"registry.terraform.io/hashicorp/aws\"]",
      "instances": [
        {
          "schema_version": 0,
          "attributes": {
            "id": "dev-s3-proxy-role-example-20230714115639953600000001",
            "policy_arn": "arn:aws:iam::372554721158:policy/dev-github-s3-file-upload-policy",
            "role": "dev-s3-proxy-role-example"
          },
          "sensitive_attributes": [],
          "private": "bnVsbA==",
          "dependencies": [
            "aws_iam_policy.s3_file_upload_policy",
            "aws_iam_role.s3_proxy_role",
            "data.aws_iam_policy_document.s3_proxy_policy"
          ]
        }
      ]
    },
    {
      "mode": "managed",
      "type": "aws_s3_bucket",
      "name": "file_upload_bucket",
      "provider": "provider[\"registry.terraform.io/hashicorp/aws\"]",
      "instances": [
        {
          "schema_version": 0,
          "attributes": {
            "acceleration_status": "",
            "acl": "private",
            "arn": "arn:aws:s3:::natefile-upload-bucket-dev",
            "bucket": "natefile-upload-bucket-dev",
            "bucket_domain_name": "natefile-upload-bucket-dev.s3.amazonaws.com",
            "bucket_prefix": "",
            "bucket_regional_domain_name": "natefile-upload-bucket-dev.s3.us-east-1.amazonaws.com",
            "cors_rule": [],
            "force_destroy": false,
            "grant": [
              {
                "id": "e420c94c2367963a881363c9466dcbf030651a0d07711ba7a4a6b24dfc196ecf",
                "permissions": [
                  "FULL_CONTROL"
                ],
                "type": "CanonicalUser",
                "uri": ""
              }
            ],
            "hosted_zone_id": "Z3AQBSTGFYJSTF",
            "id": "natefile-upload-bucket-dev",
            "lifecycle_rule": [],
            "logging": [],
            "object_lock_configuration": [],
            "object_lock_enabled": false,
            "policy": "",
            "region": "us-east-1",
            "replication_configuration": [],
            "request_payer": "BucketOwner",
            "server_side_encryption_configuration": [
              {
                "rule": [
                  {
                    "apply_server_side_encryption_by_default": [
                      {
                        "kms_master_key_id": "",
                        "sse_algorithm": "AES256"
                      }
                    ],
                    "bucket_key_enabled": false
                  }
                ]
              }
            ],
            "tags": {
              "Environment": "dev",
              "Name": "file-upload-bucket-dev"
            },
            "tags_all": {
              "Environment": "dev",
              "Name": "file-upload-bucket-dev"
            },
            "timeouts": null,
            "versioning": [
              {
                "enabled": false,
                "mfa_delete": false
              }
            ],
            "website": [],
            "website_domain": null,
            "website_endpoint": null
          },
          "sensitive_attributes": [],
          "private": "eyJlMmJmYjczMC1lY2FhLTExZTYtOGY4OC0zNDM2M2JjN2M0YzAiOnsiY3JlYXRlIjoxMjAwMDAwMDAwMDAwLCJkZWxldGUiOjM2MDAwMDAwMDAwMDAsInJlYWQiOjEyMDAwMDAwMDAwMDAsInVwZGF0ZSI6MTIwMDAwMDAwMDAwMH19",
          "dependencies": [
            "aws_iam_policy.s3_file_upload_policy"
          ]
        }
      ]
    },
    {
      "mode": "managed",
      "type": "aws_s3_bucket",
      "name": "ping-data",
      "provider": "provider[\"registry.terraform.io/hashicorp/aws\"]",
      "instances": [
        {
          "schema_version": 0,
          "attributes": {
            "acceleration_status": "",
            "acl": null,
            "arn": "arn:aws:s3:::nwebhook-apigateway",
            "bucket": "nwebhook-apigateway",
            "bucket_domain_name": "nwebhook-apigateway.s3.amazonaws.com",
            "bucket_prefix": "",
            "bucket_regional_domain_name": "nwebhook-apigateway.s3.us-east-1.amazonaws.com",
            "cors_rule": [],
            "force_destroy": false,
            "grant": [
              {
                "id": "e420c94c2367963a881363c9466dcbf030651a0d07711ba7a4a6b24dfc196ecf",
                "permissions": [
                  "FULL_CONTROL"
                ],
                "type": "CanonicalUser",
                "uri": ""
              }
            ],
            "hosted_zone_id": "Z3AQBSTGFYJSTF",
            "id": "nwebhook-apigateway",
            "lifecycle_rule": [],
            "logging": [],
            "object_lock_configuration": [],
            "object_lock_enabled": false,
            "policy": "",
            "region": "us-east-1",
            "replication_configuration": [],
            "request_payer": "BucketOwner",
            "server_side_encryption_configuration": [
              {
                "rule": [
                  {
                    "apply_server_side_encryption_by_default": [
                      {
                        "kms_master_key_id": "",
                        "sse_algorithm": "AES256"
                      }
                    ],
                    "bucket_key_enabled": false
                  }
                ]
              }
            ],
            "tags": {
              "Name": "nwebhook-apigateway"
            },
            "tags_all": {
              "Name": "nwebhook-apigateway"
            },
            "timeouts": null,
            "versioning": [
              {
                "enabled": false,
                "mfa_delete": false
              }
            ],
            "website": [],
            "website_domain": null,
            "website_endpoint": null
          },
          "sensitive_attributes": [],
          "private": "eyJlMmJmYjczMC1lY2FhLTExZTYtOGY4OC0zNDM2M2JjN2M0YzAiOnsiY3JlYXRlIjoxMjAwMDAwMDAwMDAwLCJkZWxldGUiOjM2MDAwMDAwMDAwMDAsInJlYWQiOjEyMDAwMDAwMDAwMDAsInVwZGF0ZSI6MTIwMDAwMDAwMDAwMH19"
        }
      ]
    },
    {
      "mode": "managed",
      "type": "aws_s3_bucket_public_access_block",
      "name": "ping-data",
      "provider": "provider[\"registry.terraform.io/hashicorp/aws\"]",
      "instances": [
        {
          "schema_version": 0,
          "attributes": {
            "block_public_acls": true,
            "block_public_policy": true,
            "bucket": "nwebhook-apigateway",
            "id": "nwebhook-apigateway",
            "ignore_public_acls": true,
            "restrict_public_buckets": true
          },
          "sensitive_attributes": [],
          "private": "bnVsbA=="
        }
      ]
    }
  ],
  "check_results": null
}
